{
  "version": "5",
  "specifiers": {
    "jsr:@std/datetime@~0.225.5": "0.225.5",
    "jsr:@std/dotenv@~0.225.5": "0.225.5",
    "npm:@elysiajs/swagger@^1.3.0": "1.3.0_elysia@1.3.5__@sinclair+typebox@0.34.33__exact-mirror@0.1.2___@sinclair+typebox@0.34.33__file-type@21.0.0__openapi-types@12.1.3__typescript@5.8.3_openapi-types@12.1.3",
    "npm:effect@^3.16.8": "3.16.8",
    "npm:elysia@^1.3.5": "1.3.5_@sinclair+typebox@0.34.33_exact-mirror@0.1.2__@sinclair+typebox@0.34.33_file-type@21.0.0_openapi-types@12.1.3_typescript@5.8.3",
    "npm:google-auth-library@^10.1.0": "10.1.0"
  },
  "jsr": {
    "@std/datetime@0.225.5": {
      "integrity": "9f650f6caec546b80172e95a4edb8478d5fe060c4c937f7ede242ffceab6efc9"
    },
    "@std/dotenv@0.225.5": {
      "integrity": "9ce6f9d0ec3311f74a32535aa1b8c62ed88b1ab91b7f0815797d77a6f60c922f"
    }
  },
  "npm": {
    "@elysiajs/swagger@1.3.0_elysia@1.3.5__@sinclair+typebox@0.34.33__exact-mirror@0.1.2___@sinclair+typebox@0.34.33__file-type@21.0.0__openapi-types@12.1.3__typescript@5.8.3_openapi-types@12.1.3": {
      "integrity": "sha512-0fo3FWkDRPNYpowJvLz3jBHe9bFe6gruZUyf+feKvUEEMG9ZHptO1jolSoPE0ffFw1BgN1/wMsP19p4GRXKdfg==",
      "dependencies": [
        "@scalar/themes",
        "@scalar/types@0.0.12",
        "elysia",
        "openapi-types",
        "pathe"
      ]
    },
    "@scalar/openapi-types@0.1.1": {
      "integrity": "sha512-NMy3QNk6ytcCoPUGJH0t4NNr36OWXgZhA3ormr3TvhX1NDgoF95wFyodGVH8xiHeUyn2/FxtETm8UBLbB5xEmg=="
    },
    "@scalar/openapi-types@0.2.0": {
      "integrity": "sha512-waiKk12cRCqyUCWTOX0K1WEVX46+hVUK+zRPzAahDJ7G0TApvbNkuy5wx7aoUyEk++HHde0XuQnshXnt8jsddA==",
      "dependencies": [
        "zod"
      ]
    },
    "@scalar/themes@0.9.86": {
      "integrity": "sha512-QUHo9g5oSWi+0Lm1vJY9TaMZRau8LHg+vte7q5BVTBnu6NuQfigCaN+ouQ73FqIVd96TwMO6Db+dilK1B+9row==",
      "dependencies": [
        "@scalar/types@0.1.7"
      ]
    },
    "@scalar/types@0.0.12": {
      "integrity": "sha512-XYZ36lSEx87i4gDqopQlGCOkdIITHHEvgkuJFrXFATQs9zHARop0PN0g4RZYWj+ZpCUclOcaOjbCt8JGe22mnQ==",
      "dependencies": [
        "@scalar/openapi-types@0.1.1",
        "@unhead/schema"
      ]
    },
    "@scalar/types@0.1.7": {
      "integrity": "sha512-irIDYzTQG2KLvFbuTI8k2Pz/R4JR+zUUSykVTbEMatkzMmVFnn1VzNSMlODbadycwZunbnL2tA27AXed9URVjw==",
      "dependencies": [
        "@scalar/openapi-types@0.2.0",
        "@unhead/schema",
        "nanoid",
        "type-fest",
        "zod"
      ]
    },
    "@sinclair/typebox@0.34.33": {
      "integrity": "sha512-5HAV9exOMcXRUxo+9iYB5n09XxzCXnfy4VTNW4xnDv+FgjzAGY989C28BIdljKqmF+ZltUwujE3aossvcVtq6g=="
    },
    "@standard-schema/spec@1.0.0": {
      "integrity": "sha512-m2bOd0f2RT9k8QJx1JN85cZYyH1RqFBdlwtkSlf4tBDYLCiiZnv1fIIwacK6cqwXavOydf0NPToMQgpKq+dVlA=="
    },
    "@tokenizer/inflate@0.2.7": {
      "integrity": "sha512-MADQgmZT1eKjp06jpI2yozxaU9uVs4GzzgSL+uEq7bVcJ9V1ZXQkeGNql1fsSI0gMy1vhvNTNbUqrx+pZfJVmg==",
      "dependencies": [
        "debug",
        "fflate",
        "token-types"
      ]
    },
    "@tokenizer/token@0.3.0": {
      "integrity": "sha512-OvjF+z51L3ov0OyAU0duzsYuvO01PH7x4t6DJx+guahgTnBHkhJdG7soQeTSFLWN3efnHyibZ4Z8l2EuWwJN3A=="
    },
    "@unhead/schema@1.11.20": {
      "integrity": "sha512-0zWykKAaJdm+/Y7yi/Yds20PrUK7XabLe9c3IRcjnwYmSWY6z0Cr19VIs3ozCj8P+GhR+/TI2mwtGlueCEYouA==",
      "dependencies": [
        "hookable",
        "zhead"
      ]
    },
    "agent-base@7.1.3": {
      "integrity": "sha512-jRR5wdylq8CkOe6hei19GGZnxM6rBGwFl3Bg0YItGDimvjGtAvdZk4Pu6Cl4u4Igsws4a1fd1Vq3ezrhn4KmFw=="
    },
    "base64-js@1.5.1": {
      "integrity": "sha512-AKpaYlHn8t4SVbOHCy+b5+KKgvR4vrsD8vbvrbiQJps7fKDTkjkDry6ji0rUJjC0kzbNePLwzxq8iypo41qeWA=="
    },
    "bignumber.js@9.3.0": {
      "integrity": "sha512-EM7aMFTXbptt/wZdMlBv2t8IViwQL+h6SLHosp8Yf0dqJMTnY6iL32opnAB6kAdL0SZPuvcAzFr31o0c/R3/RA=="
    },
    "buffer-equal-constant-time@1.0.1": {
      "integrity": "sha512-zRpUiDwd/xk6ADqPMATG8vc9VPrkck7T07OIx0gnjmJAnHnTVXNQG3vfvWNuiZIkwu9KrKdA1iJKfsfTVxE6NA=="
    },
    "cookie@1.0.2": {
      "integrity": "sha512-9Kr/j4O16ISv8zBBhJoi4bXOYNTkFLOqSL3UDB0njXxCXNezjeyVrJyGOWtgfs/q2km1gwBcfH8q1yEGoMYunA=="
    },
    "data-uri-to-buffer@4.0.1": {
      "integrity": "sha512-0R9ikRb668HB7QDxT1vkpuUBtqc53YyAwMwGeUFKRojY/NWKvdZ+9UYtRfGmhqNbRkTSVpMbmyhXipFFv2cb/A=="
    },
    "debug@4.4.1": {
      "integrity": "sha512-KcKCqiftBJcZr++7ykoDIEwSa3XWowTfNPo92BYxjXiyYEVrUQh2aLyhxBCwww+heortUFxEJYcRzosstTEBYQ==",
      "dependencies": [
        "ms"
      ]
    },
    "ecdsa-sig-formatter@1.0.11": {
      "integrity": "sha512-nagl3RYrbNv6kQkeJIpt6NJZy8twLB/2vtz6yN9Z4vRKHN4/QZJIEbqohALSgwKdnksuY3k5Addp5lg8sVoVcQ==",
      "dependencies": [
        "safe-buffer"
      ]
    },
    "effect@3.16.8": {
      "integrity": "sha512-E4U0MZFBun99myxOogy9ZZ1c3IYR47L/A5GqCP9Lp+6ORag0YLmGHOrYxQ3agN1FOMTrElgtJmciicwnHdE+Ug==",
      "dependencies": [
        "@standard-schema/spec",
        "fast-check"
      ]
    },
    "elysia@1.3.5_@sinclair+typebox@0.34.33_exact-mirror@0.1.2__@sinclair+typebox@0.34.33_file-type@21.0.0_openapi-types@12.1.3_typescript@5.8.3": {
      "integrity": "sha512-XVIKXlKFwUT7Sta8GY+wO5reD9I0rqAEtaz1Z71UgJb61csYt8Q3W9al8rtL5RgumuRR8e3DNdzlUN9GkC4KDw==",
      "dependencies": [
        "cookie",
        "exact-mirror",
        "fast-decode-uri-component",
        "file-type",
        "typescript"
      ],
      "optionalDependencies": [
        "@sinclair/typebox",
        "openapi-types"
      ]
    },
    "exact-mirror@0.1.2_@sinclair+typebox@0.34.33": {
      "integrity": "sha512-wFCPCDLmHbKGUb8TOi/IS7jLsgR8WVDGtDK3CzcB4Guf/weq7G+I+DkXiRSZfbemBFOxOINKpraM6ml78vo8Zw==",
      "dependencies": [
        "@sinclair/typebox"
      ],
      "optionalPeers": [
        "@sinclair/typebox"
      ]
    },
    "extend@3.0.2": {
      "integrity": "sha512-fjquC59cD7CyW6urNXK0FBufkZcoiGG80wTuPujX590cB5Ttln20E2UB4S/WARVqhXffZl2LNgS+gQdPIIim/g=="
    },
    "fast-check@3.23.2": {
      "integrity": "sha512-h5+1OzzfCC3Ef7VbtKdcv7zsstUQwUDlYpUTvjeUsJAssPgLn7QzbboPtL5ro04Mq0rPOsMzl7q5hIbRs2wD1A==",
      "dependencies": [
        "pure-rand"
      ]
    },
    "fast-decode-uri-component@1.0.1": {
      "integrity": "sha512-WKgKWg5eUxvRZGwW8FvfbaH7AXSh2cL+3j5fMGzUMCxWBJ3dV3a7Wz8y2f/uQ0e3B6WmodD3oS54jTQ9HVTIIg=="
    },
    "fetch-blob@3.2.0": {
      "integrity": "sha512-7yAQpD2UMJzLi1Dqv7qFYnPbaPx7ZfFK6PiIxQ4PfkGPyNyl2Ugx+a/umUonmKqjhM4DnfbMvdX6otXq83soQQ==",
      "dependencies": [
        "node-domexception",
        "web-streams-polyfill"
      ]
    },
    "fflate@0.8.2": {
      "integrity": "sha512-cPJU47OaAoCbg0pBvzsgpTPhmhqI5eJjh/JIu8tPj5q+T7iLvW/JAYUqmE7KOB4R1ZyEhzBaIQpQpardBF5z8A=="
    },
    "file-type@21.0.0": {
      "integrity": "sha512-ek5xNX2YBYlXhiUXui3D/BXa3LdqPmoLJ7rqEx2bKJ7EAUEfmXgW0Das7Dc6Nr9MvqaOnIqiPV0mZk/r/UpNAg==",
      "dependencies": [
        "@tokenizer/inflate",
        "strtok3",
        "token-types",
        "uint8array-extras"
      ]
    },
    "formdata-polyfill@4.0.10": {
      "integrity": "sha512-buewHzMvYL29jdeQTVILecSaZKnt/RJWjoZCF5OW60Z67/GmSLBkOFM7qh1PI3zFNtJbaZL5eQu1vLfazOwj4g==",
      "dependencies": [
        "fetch-blob"
      ]
    },
    "gaxios@7.1.0": {
      "integrity": "sha512-y1Q0MX1Ba6eg67Zz92kW0MHHhdtWksYckQy1KJsI6P4UlDQ8cvdvpLEPslD/k7vFkdPppMESFGTvk7XpSiKj8g==",
      "dependencies": [
        "extend",
        "https-proxy-agent",
        "node-fetch"
      ]
    },
    "gcp-metadata@7.0.0": {
      "integrity": "sha512-3PfRTzvT3Msu0Hy8Gf9ypxJvaClG2IB9pyH0r8QOmRBW5mUcrHgYpF4GYP+XulDbfhxEhBYtJtJJQb5S2wM+LA==",
      "dependencies": [
        "gaxios",
        "google-logging-utils",
        "json-bigint"
      ]
    },
    "google-auth-library@10.1.0": {
      "integrity": "sha512-GspVjZj1RbyRWpQ9FbAXMKjFGzZwDKnUHi66JJ+tcjcu5/xYAP1pdlWotCuIkMwjfVsxxDvsGZXGLzRt72D0sQ==",
      "dependencies": [
        "base64-js",
        "ecdsa-sig-formatter",
        "gaxios",
        "gcp-metadata",
        "google-logging-utils",
        "gtoken",
        "jws"
      ]
    },
    "google-logging-utils@1.1.1": {
      "integrity": "sha512-rcX58I7nqpu4mbKztFeOAObbomBbHU2oIb/d3tJfF3dizGSApqtSwYJigGCooHdnMyQBIw8BrWyK96w3YXgr6A=="
    },
    "gtoken@8.0.0": {
      "integrity": "sha512-+CqsMbHPiSTdtSO14O51eMNlrp9N79gmeqmXeouJOhfucAedHw9noVe/n5uJk3tbKE6a+6ZCQg3RPhVhHByAIw==",
      "dependencies": [
        "gaxios",
        "jws"
      ]
    },
    "hookable@5.5.3": {
      "integrity": "sha512-Yc+BQe8SvoXH1643Qez1zqLRmbA5rCL+sSmk6TVos0LWVfNIB7PGncdlId77WzLGSIB5KaWgTaNTs2lNVEI6VQ=="
    },
    "https-proxy-agent@7.0.6": {
      "integrity": "sha512-vK9P5/iUfdl95AI+JVyUuIcVtd4ofvtrOr3HNtM2yxC9bnMbEdp3x01OhQNnjb8IJYi38VlTE3mBXwcfvywuSw==",
      "dependencies": [
        "agent-base",
        "debug"
      ]
    },
    "ieee754@1.2.1": {
      "integrity": "sha512-dcyqhDvX1C46lXZcVqCpK+FtMRQVdIMN6/Df5js2zouUsqG7I6sFxitIC+7KYK29KdXOLHdu9zL4sFnoVQnqaA=="
    },
    "json-bigint@1.0.0": {
      "integrity": "sha512-SiPv/8VpZuWbvLSMtTDU8hEfrZWg/mH/nV/b4o0CYbSxu1UIQPLdwKOCIyLQX+VIPO5vrLX3i8qtqFyhdPSUSQ==",
      "dependencies": [
        "bignumber.js"
      ]
    },
    "jwa@2.0.1": {
      "integrity": "sha512-hRF04fqJIP8Abbkq5NKGN0Bbr3JxlQ+qhZufXVr0DvujKy93ZCbXZMHDL4EOtodSbCWxOqR8MS1tXA5hwqCXDg==",
      "dependencies": [
        "buffer-equal-constant-time",
        "ecdsa-sig-formatter",
        "safe-buffer"
      ]
    },
    "jws@4.0.0": {
      "integrity": "sha512-KDncfTmOZoOMTFG4mBlG0qUIOlc03fmzH+ru6RgYVZhPkyiy/92Owlt/8UEN+a4TXR1FQetfIpJE8ApdvdVxTg==",
      "dependencies": [
        "jwa",
        "safe-buffer"
      ]
    },
    "ms@2.1.3": {
      "integrity": "sha512-6FlzubTLZG3J2a/NVCAleEhjzq5oxgHyaCU9yYXvcLsvoVaHJq/s5xXI6/XXP6tz7R9xAOtHnSO/tXtF3WRTlA=="
    },
    "nanoid@5.1.5": {
      "integrity": "sha512-Ir/+ZpE9fDsNH0hQ3C68uyThDXzYcim2EqcZ8zn8Chtt1iylPT9xXJB0kPCnqzgcEGikO9RxSrh63MsmVCU7Fw==",
      "bin": true
    },
    "node-domexception@1.0.0": {
      "integrity": "sha512-/jKZoMpw0F8GRwl4/eLROPA3cfcXtLApP0QzLmUT/HuPCZWyB7IY9ZrMeKw2O/nFIqPQB3PVM9aYm0F312AXDQ==",
      "deprecated": true
    },
    "node-fetch@3.3.2": {
      "integrity": "sha512-dRB78srN/l6gqWulah9SrxeYnxeddIG30+GOqK/9OlLVyLg3HPnr6SqOWTWOXKRwC2eGYCkZ59NNuSgvSrpgOA==",
      "dependencies": [
        "data-uri-to-buffer",
        "fetch-blob",
        "formdata-polyfill"
      ]
    },
    "openapi-types@12.1.3": {
      "integrity": "sha512-N4YtSYJqghVu4iek2ZUvcN/0aqH1kRDuNqzcycDxhOUpg7GdvLa2F3DgS6yBNhInhv2r/6I0Flkn7CqL8+nIcw=="
    },
    "pathe@1.1.2": {
      "integrity": "sha512-whLdWMYL2TwI08hn8/ZqAbrVemu0LNaNNJZX73O6qaIdCTfXutsLhMkjdENX0qhsQ9uIimo4/aQOmXkoon2nDQ=="
    },
    "pure-rand@6.1.0": {
      "integrity": "sha512-bVWawvoZoBYpp6yIoQtQXHZjmz35RSVHnUOTefl8Vcjr8snTPY1wnpSPMWekcFwbxI6gtmT7rSYPFvz71ldiOA=="
    },
    "safe-buffer@5.2.1": {
      "integrity": "sha512-rp3So07KcdmmKbGvgaNxQSJr7bGVSVk5S9Eq1F+ppbRo70+YeaDxkw5Dd8NPN+GD6bjnYm2VuPuCXmpuYvmCXQ=="
    },
    "strtok3@10.3.1": {
      "integrity": "sha512-3JWEZM6mfix/GCJBBUrkA8p2Id2pBkyTkVCJKto55w080QBKZ+8R171fGrbiSp+yMO/u6F8/yUh7K4V9K+YCnw==",
      "dependencies": [
        "@tokenizer/token"
      ]
    },
    "token-types@6.0.0": {
      "integrity": "sha512-lbDrTLVsHhOMljPscd0yitpozq7Ga2M5Cvez5AjGg8GASBjtt6iERCAJ93yommPmz62fb45oFIXHEZ3u9bfJEA==",
      "dependencies": [
        "@tokenizer/token",
        "ieee754"
      ]
    },
    "type-fest@4.41.0": {
      "integrity": "sha512-TeTSQ6H5YHvpqVwBRcnLDCBnDOHWYu7IvGbHT6N8AOymcr9PJGjc1GTtiWZTYg0NCgYwvnYWEkVChQAr9bjfwA=="
    },
    "typescript@5.8.3": {
      "integrity": "sha512-p1diW6TqL9L07nNxvRMM7hMMw4c5XOo/1ibL4aAIGmSAt9slTE1Xgw5KWuof2uTOvCg9BY7ZRi+GaF+7sfgPeQ==",
      "bin": true
    },
    "uint8array-extras@1.4.0": {
      "integrity": "sha512-ZPtzy0hu4cZjv3z5NW9gfKnNLjoz4y6uv4HlelAjDK7sY/xOkKZv9xK/WQpcsBB3jEybChz9DPC2U/+cusjJVQ=="
    },
    "web-streams-polyfill@3.3.3": {
      "integrity": "sha512-d2JWLCivmZYTSIoge9MsgFCZrt571BikcWGYkjC1khllbTeDlGqZ2D8vD8E/lJa8WGWbb7Plm8/XJYV7IJHZZw=="
    },
    "zhead@2.2.4": {
      "integrity": "sha512-8F0OI5dpWIA5IGG5NHUg9staDwz/ZPxZtvGVf01j7vHqSyZ0raHY+78atOVxRqb73AotX22uV1pXt3gYSstGag=="
    },
    "zod@3.25.67": {
      "integrity": "sha512-idA2YXwpCdqUSKRCACDE6ItZD9TZzy3OZMtpfLoh6oPR47lipysRrJfjzMqFxQ3uJuUPyUeWe1r9vLH33xO/Qw=="
    }
  },
  "workspace": {
    "dependencies": [
      "jsr:@std/datetime@~0.225.5",
      "jsr:@std/dotenv@~0.225.5",
      "npm:effect@^3.16.8"
    ],
    "members": {
      "app/api": {
        "dependencies": [
          "npm:@elysiajs/swagger@^1.3.0",
          "npm:elysia@^1.3.5"
        ]
      },
      "lib/google": {
        "dependencies": [
          "npm:google-auth-library@^10.1.0"
        ]
      }
    }
  }
}
